
Microsoft Visual Studio Solution File, Format Version 12.00
# Visual Studio 2012
Project("{FAE04EC0-301F-11D3-BF4B-00C04F79EFBC}") = "TDDKata.StringCalculator.Tests", "TDDKata.StringCalculator.Tests\TDDKata.StringCalculator.Tests.csproj", "{969D0F76-BA44-41BE-AB59-CE05CF0D4FBA}"
EndProject
Project("{FAE04EC0-301F-11D3-BF4B-00C04F79EFBC}") = "TDDKata.StringCalculator", "TDDKata.StringCalculator\TDDKata.StringCalculator.csproj", "{72D97098-E112-4BFC-9D4E-2BD8722B4AA9}"
EndProject
Global
	GlobalSection(SolutionConfigurationPlatforms) = preSolution
		Debug|Any CPU = Debug|Any CPU
		Release|Any CPU = Release|Any CPU
	EndGlobalSection
	GlobalSection(ProjectConfigurationPlatforms) = postSolution
		{969D0F76-BA44-41BE-AB59-CE05CF0D4FBA}.Debug|Any CPU.ActiveCfg = Debug|Any CPU
		{969D0F76-BA44-41BE-AB59-CE05CF0D4FBA}.Debug|Any CPU.Build.0 = Debug|Any CPU
		{969D0F76-BA44-41BE-AB59-CE05CF0D4FBA}.Release|Any CPU.ActiveCfg = Release|Any CPU
		{969D0F76-BA44-41BE-AB59-CE05CF0D4FBA}.Release|Any CPU.Build.0 = Release|Any CPU
		{72D97098-E112-4BFC-9D4E-2BD8722B4AA9}.Debug|Any CPU.ActiveCfg = Debug|Any CPU
		{72D97098-E112-4BFC-9D4E-2BD8722B4AA9}.Debug|Any CPU.Build.0 = Debug|Any CPU
		{72D97098-E112-4BFC-9D4E-2BD8722B4AA9}.Release|Any CPU.ActiveCfg = Release|Any CPU
		{72D97098-E112-4BFC-9D4E-2BD8722B4AA9}.Release|Any CPU.Build.0 = Release|Any CPU
	EndGlobalSection
	GlobalSection(SolutionProperties) = preSolution
		HideSolutionNode = FALSE
	EndGlobalSection
EndGlobal
